
Microsoft Visual Studio Solution File, Format Version 12.00
# Visual Studio Version 16
VisualStudioVersion = 16.0.31129.286
MinimumVisualStudioVersion = 10.0.40219.1
Project("{FAE04EC0-301F-11D3-BF4B-00C04F79EFBC}") = "PRACTICA DE ALGORITMO", "PRACTICA DE ALGORITMO\PRACTICA DE ALGORITMO.csproj", "{2FCEDDCB-B5F2-4AEC-A163-A468C6E3E8BC}"
EndProject
Global
	GlobalSection(SolutionConfigurationPlatforms) = preSolution
		Debug|Any CPU = Debug|Any CPU
		Release|Any CPU = Release|Any CPU
	EndGlobalSection
	GlobalSection(ProjectConfigurationPlatforms) = postSolution
		{2FCEDDCB-B5F2-4AEC-A163-A468C6E3E8BC}.Debug|Any CPU.ActiveCfg = Debug|Any CPU
		{2FCEDDCB-B5F2-4AEC-A163-A468C6E3E8BC}.Debug|Any CPU.Build.0 = Debug|Any CPU
		{2FCEDDCB-B5F2-4AEC-A163-A468C6E3E8BC}.Release|Any CPU.ActiveCfg = Release|Any CPU
		{2FCEDDCB-B5F2-4AEC-A163-A468C6E3E8BC}.Release|Any CPU.Build.0 = Release|Any CPU
	EndGlobalSection
	GlobalSection(SolutionProperties) = preSolution
		HideSolutionNode = FALSE
	EndGlobalSection
	GlobalSection(ExtensibilityGlobals) = postSolution
		SolutionGuid = {CF904987-E5E0-4D7A-BF42-6E440EDF540E}
	EndGlobalSection
EndGlobal
